
Microsoft Visual Studio Solution File, Format Version 12.00
# Visual Studio Version 16
VisualStudioVersion = 16.0.30128.74
MinimumVisualStudioVersion = 10.0.40219.1
Project("{FAE04EC0-301F-11D3-BF4B-00C04F79EFBC}") = "Bank Crediting", "Bank Crediting\Bank Crediting.csproj", "{B4875FE8-A1F8-4E09-9F1A-44E7212EDDEC}"
EndProject
Global
	GlobalSection(SolutionConfigurationPlatforms) = preSolution
		Debug|Any CPU = Debug|Any CPU
		Release|Any CPU = Release|Any CPU
	EndGlobalSection
	GlobalSection(ProjectConfigurationPlatforms) = postSolution
		{B4875FE8-A1F8-4E09-9F1A-44E7212EDDEC}.Debug|Any CPU.ActiveCfg = Debug|Any CPU
		{B4875FE8-A1F8-4E09-9F1A-44E7212EDDEC}.Debug|Any CPU.Build.0 = Debug|Any CPU
		{B4875FE8-A1F8-4E09-9F1A-44E7212EDDEC}.Release|Any CPU.ActiveCfg = Release|Any CPU
		{B4875FE8-A1F8-4E09-9F1A-44E7212EDDEC}.Release|Any CPU.Build.0 = Release|Any CPU
	EndGlobalSection
	GlobalSection(SolutionProperties) = preSolution
		HideSolutionNode = FALSE
	EndGlobalSection
	GlobalSection(ExtensibilityGlobals) = postSolution
		SolutionGuid = {1C32F7C1-87AE-4EAD-9693-E01A15166C8D}
	EndGlobalSection
EndGlobal
